{
  "object": {
    "pins": [
      {
        "package": "AAInfographics",
        "repositoryURL": "https://github.com/AAChartModel/AAChartKit-Swift.git",
        "state": {
          "branch": null,
          "revision": "78bb437d4fe667457b4885105a92de34e099c0c1",
          "version": "7.3.0"
        }
      },
      {
        "package": "JTAppleCalendar",
        "repositoryURL": "https://github.com/patchthecode/JTAppleCalendar",
        "state": {
          "branch": null,
          "revision": "89bc6f1c0426b3bd2856409ec600333a7d087e1b",
          "version": "8.0.4"
        }
      },
      {
        "package": "PrettyCards",
        "repositoryURL": "https://github.com/ilia3546/PrettyCards",
        "state": {
          "branch": null,
          "revision": "3115edbd79c66090729dfb261dc4fbf7c6df0ac1",
          "version": "1.0.7"
        }
      }
    ]
  },
  "version": 1
}
